
Microsoft Visual Studio Solution File, Format Version 12.00
# Visual Studio 14
VisualStudioVersion = 14.0.25420.1
MinimumVisualStudioVersion = 10.0.40219.1
Project("{2150E333-8FDC-42A3-9474-1A3956D46DE8}") = "src", "src", "{CF963E95-2566-4739-9DD4-FC7E53EC2068}"
EndProject
Project("{2150E333-8FDC-42A3-9474-1A3956D46DE8}") = "Solution Items", "Solution Items", "{22F8D863-3560-41FD-B2E7-BA7866603391}"
	ProjectSection(SolutionItems) = preProject
		global.json = global.json
	EndProjectSection
EndProject
Project("{8BB2217D-0F2D-49D1-97BC-3654ED321F3B}") = "StormpathOneLoginWebApp", "src\StormpathOneLoginWebApp\StormpathOneLoginWebApp.xproj", "{B0C8DF9B-9C3B-4B37-8AA9-FC7985343904}"
EndProject
Global
	GlobalSection(SolutionConfigurationPlatforms) = preSolution
		Debug|Any CPU = Debug|Any CPU
		Release|Any CPU = Release|Any CPU
	EndGlobalSection
	GlobalSection(ProjectConfigurationPlatforms) = postSolution
		{B0C8DF9B-9C3B-4B37-8AA9-FC7985343904}.Debug|Any CPU.ActiveCfg = Debug|Any CPU
		{B0C8DF9B-9C3B-4B37-8AA9-FC7985343904}.Debug|Any CPU.Build.0 = Debug|Any CPU
		{B0C8DF9B-9C3B-4B37-8AA9-FC7985343904}.Release|Any CPU.ActiveCfg = Release|Any CPU
		{B0C8DF9B-9C3B-4B37-8AA9-FC7985343904}.Release|Any CPU.Build.0 = Release|Any CPU
	EndGlobalSection
	GlobalSection(SolutionProperties) = preSolution
		HideSolutionNode = FALSE
	EndGlobalSection
	GlobalSection(NestedProjects) = preSolution
		{B0C8DF9B-9C3B-4B37-8AA9-FC7985343904} = {CF963E95-2566-4739-9DD4-FC7E53EC2068}
	EndGlobalSection
EndGlobal
